
Microsoft Visual Studio Solution File, Format Version 12.00
# Visual Studio 15
VisualStudioVersion = 15.0.27703.2035
MinimumVisualStudioVersion = 10.0.40219.1
Project("{FAE04EC0-301F-11D3-BF4B-00C04F79EFBC}") = "FiouseAPI", "FiouseAPI\FiouseAPI.csproj", "{AA9594F5-0898-4024-9A41-0B394EC46487}"
EndProject
Global
	GlobalSection(SolutionConfigurationPlatforms) = preSolution
		Debug|Any CPU = Debug|Any CPU
		Release|Any CPU = Release|Any CPU
	EndGlobalSection
	GlobalSection(ProjectConfigurationPlatforms) = postSolution
		{AA9594F5-0898-4024-9A41-0B394EC46487}.Debug|Any CPU.ActiveCfg = Debug|Any CPU
		{AA9594F5-0898-4024-9A41-0B394EC46487}.Debug|Any CPU.Build.0 = Debug|Any CPU
		{AA9594F5-0898-4024-9A41-0B394EC46487}.Release|Any CPU.ActiveCfg = Release|Any CPU
		{AA9594F5-0898-4024-9A41-0B394EC46487}.Release|Any CPU.Build.0 = Release|Any CPU
	EndGlobalSection
	GlobalSection(SolutionProperties) = preSolution
		HideSolutionNode = FALSE
	EndGlobalSection
	GlobalSection(ExtensibilityGlobals) = postSolution
		SolutionGuid = {F1A1A42A-22B5-4BB9-B361-8285161E3B5A}
	EndGlobalSection
EndGlobal
